
Microsoft Visual Studio Solution File, Format Version 12.00
# Visual Studio 14
VisualStudioVersion = 14.0.25123.0
MinimumVisualStudioVersion = 10.0.40219.1
Project("{FAE04EC0-301F-11D3-BF4B-00C04F79EFBC}") = "OData.Client", "src\OData.Client\OData.Client.csproj", "{4D5A8AC0-3454-4E4C-B0B1-B937AC980402}"
EndProject
Project("{2150E333-8FDC-42A3-9474-1A3956D46DE8}") = "Client", "Client", "{5E2EC99D-D9A0-4B2E-B6A8-4E6571B39E40}"
EndProject
Project("{2150E333-8FDC-42A3-9474-1A3956D46DE8}") = "Server", "Server", "{E4DD9CD9-8F5D-4060-B7E7-64EE61263F75}"
EndProject
Project("{FAE04EC0-301F-11D3-BF4B-00C04F79EFBC}") = "OData.Client.Tests", "src\OData.Client.Tests\OData.Client.Tests.csproj", "{17FF9772-6946-4DB3-A6D9-AD6186C3D137}"
EndProject
Global
	GlobalSection(SolutionConfigurationPlatforms) = preSolution
		Debug|Any CPU = Debug|Any CPU
		Release|Any CPU = Release|Any CPU
	EndGlobalSection
	GlobalSection(ProjectConfigurationPlatforms) = postSolution
		{4D5A8AC0-3454-4E4C-B0B1-B937AC980402}.Debug|Any CPU.ActiveCfg = Debug|Any CPU
		{4D5A8AC0-3454-4E4C-B0B1-B937AC980402}.Debug|Any CPU.Build.0 = Debug|Any CPU
		{4D5A8AC0-3454-4E4C-B0B1-B937AC980402}.Release|Any CPU.ActiveCfg = Release|Any CPU
		{4D5A8AC0-3454-4E4C-B0B1-B937AC980402}.Release|Any CPU.Build.0 = Release|Any CPU
		{17FF9772-6946-4DB3-A6D9-AD6186C3D137}.Debug|Any CPU.ActiveCfg = Debug|Any CPU
		{17FF9772-6946-4DB3-A6D9-AD6186C3D137}.Debug|Any CPU.Build.0 = Debug|Any CPU
		{17FF9772-6946-4DB3-A6D9-AD6186C3D137}.Release|Any CPU.ActiveCfg = Release|Any CPU
		{17FF9772-6946-4DB3-A6D9-AD6186C3D137}.Release|Any CPU.Build.0 = Release|Any CPU
	EndGlobalSection
	GlobalSection(SolutionProperties) = preSolution
		HideSolutionNode = FALSE
	EndGlobalSection
	GlobalSection(NestedProjects) = preSolution
		{4D5A8AC0-3454-4E4C-B0B1-B937AC980402} = {5E2EC99D-D9A0-4B2E-B6A8-4E6571B39E40}
		{17FF9772-6946-4DB3-A6D9-AD6186C3D137} = {5E2EC99D-D9A0-4B2E-B6A8-4E6571B39E40}
	EndGlobalSection
EndGlobal
